// !$*UTF8*$!
{
	archiveVersion = 1;
	classes = {
	};
	objectVersion = 50;
	objects = {

/* Begin PBXBuildFile section */
		90597CC6228DE93D004AE905 /* AppDelegate.swift in Sources */ = {isa = PBXBuildFile; fileRef = 90597CC5228DE93D004AE905 /* AppDelegate.swift */; };
		90597CC8228DE93D004AE905 /* ViewController.swift in Sources */ = {isa = PBXBuildFile; fileRef = 90597CC7228DE93D004AE905 /* ViewController.swift */; };
		90597CCB228DE93D004AE905 /* Main.storyboard in Resources */ = {isa = PBXBuildFile; fileRef = 90597CC9228DE93D004AE905 /* Main.storyboard */; };
		90597CCD228DE93E004AE905 /* Assets.xcassets in Resources */ = {isa = PBXBuildFile; fileRef = 90597CCC228DE93E004AE905 /* Assets.xcassets */; };
		90597CD0228DE93E004AE905 /* LaunchScreen.storyboard in Resources */ = {isa = PBXBuildFile; fileRef = 90597CCE228DE93E004AE905 /* LaunchScreen.storyboard */; };
/* End PBXBuildFile section */

/* Begin PBXFileReference section */
		90597CC2228DE93D004AE905 /* TurkishKit | Veri Aktarımı.app */ = {isa = PBXFileReference; explicitFileType = wrapper.application; includeInIndex = 0; path = "TurkishKit | Veri Aktarımı.app"; sourceTree = BUILT_PRODUCTS_DIR; };
		90597CC5228DE93D004AE905 /* AppDelegate.swift */ = {isa = PBXFileReference; lastKnownFileType = sourcecode.swift; path = AppDelegate.swift; sourceTree = "<group>"; };
		90597CC7228DE93D004AE905 /* ViewController.swift */ = {isa = PBXFileReference; lastKnownFileType = sourcecode.swift; path = ViewController.swift; sourceTree = "<group>"; };
		90597CCA228DE93D004AE905 /* Base */ = {isa = PBXFileReference; lastKnownFileType = file.storyboard; name = Base; path = Base.lproj/Main.storyboard; sourceTree = "<group>"; };
		90597CCC228DE93E004AE905 /* Assets.xcassets */ = {isa = PBXFileReference; lastKnownFileType = folder.assetcatalog; path = Assets.xcassets; sourceTree = "<group>"; };
		90597CCF228DE93E004AE905 /* Base */ = {isa = PBXFileReference; lastKnownFileType = file.storyboard; name = Base; path = Base.lproj/LaunchScreen.storyboard; sourceTree = "<group>"; };
		90597CD1228DE93E004AE905 /* Info.plist */ = {isa = PBXFileReference; lastKnownFileType = text.plist.xml; path = Info.plist; sourceTree = "<group>"; };
/* End PBXFileReference section */

/* Begin PBXFrameworksBuildPhase section */
		90597CBF228DE93D004AE905 /* Frameworks */ = {
			isa = PBXFrameworksBuildPhase;
			buildActionMask = 2147483647;
			files = (
			);
			runOnlyForDeploymentPostprocessing = 0;
		};
/* End PBXFrameworksBuildPhase section */

/* Begin PBXGroup section */
		90597CB9228DE93D004AE905 = {
			isa = PBXGroup;
			children = (
				90597CC4228DE93D004AE905 /* TurkishKit | Veri Aktarımı */,
				90597CC3228DE93D004AE905 /* Products */,
			);
			sourceTree = "<group>";
		};
		90597CC3228DE93D004AE905 /* Products */ = {
			isa = PBXGroup;
			children = (
				90597CC2228DE93D004AE905 /* TurkishKit | Veri Aktarımı.app */,
			);
			name = Products;
			sourceTree = "<group>";
		};
		90597CC4228DE93D004AE905 /* TurkishKit | Veri Aktarımı */ = {
			isa = PBXGroup;
			children = (
				90597CC5228DE93D004AE905 /* AppDelegate.swift */,
				90597CC7228DE93D004AE905 /* ViewController.swift */,
				90597CC9228DE93D004AE905 /* Main.storyboard */,
				90597CCC228DE93E004AE905 /* Assets.xcassets */,
				90597CCE228DE93E004AE905 /* LaunchScreen.storyboard */,
				90597CD1228DE93E004AE905 /* Info.plist */,
			);
			path = "TurkishKit | Veri Aktarımı";
			sourceTree = "<group>";
		};
/* End PBXGroup section */

/* Begin PBXNativeTarget section */
		90597CC1228DE93D004AE905 /* TurkishKit | Veri Aktarımı */ = {
			isa = PBXNativeTarget;
			buildConfigurationList = 90597CD4228DE93E004AE905 /* Build configuration list for PBXNativeTarget "TurkishKit | Veri Aktarımı" */;
			buildPhases = (
				90597CBE228DE93D004AE905 /* Sources */,
				90597CBF228DE93D004AE905 /* Frameworks */,
				90597CC0228DE93D004AE905 /* Resources */,
			);
			buildRules = (
			);
			dependencies = (
			);
			name = "TurkishKit | Veri Aktarımı";
			productName = "TurkishKit | Veri Aktarımı";
			productReference = 90597CC2228DE93D004AE905 /* TurkishKit | Veri Aktarımı.app */;
			productType = "com.apple.product-type.application";
		};
/* End PBXNativeTarget section */

/* Begin PBXProject section */
		90597CBA228DE93D004AE905 /* Project object */ = {
			isa = PBXProject;
			attributes = {
				LastSwiftUpdateCheck = 1020;
				LastUpgradeCheck = 1020;
				ORGANIZATIONNAME = "Berk Turan";
				TargetAttributes = {
					90597CC1228DE93D004AE905 = {
						CreatedOnToolsVersion = 10.2.1;
					};
				};
			};
			buildConfigurationList = 90597CBD228DE93D004AE905 /* Build configuration list for PBXProject "TurkishKit | Veri Aktarımı" */;
			compatibilityVersion = "Xcode 9.3";
			developmentRegion = en;
			hasScannedForEncodings = 0;
			knownRegions = (
				en,
				Base,
			);
			mainGroup = 90597CB9228DE93D004AE905;
			productRefGroup = 90597CC3228DE93D004AE905 /* Products */;
			projectDirPath = "";
			projectRoot = "";
			targets = (
				90597CC1228DE93D004AE905 /* TurkishKit | Veri Aktarımı */,
			);
		};
/* End PBXProject section */

/* Begin PBXResourcesBuildPhase section */
		90597CC0228DE93D004AE905 /* Resources */ = {
			isa = PBXResourcesBuildPhase;
			buildActionMask = 2147483647;
			files = (
				90597CD0228DE93E004AE905 /* LaunchScreen.storyboard in Resources */,
				90597CCD228DE93E004AE905 /* Assets.xcassets in Resources */,
				90597CCB228DE93D004AE905 /* Main.storyboard in Resources */,
			);
			runOnlyForDeploymentPostprocessing = 0;
		};
/* End PBXResourcesBuildPhase section */

/* Begin PBXSourcesBuildPhase section */
		90597CBE228DE93D004AE905 /* Sources */ = {
			isa = PBXSourcesBuildPhase;
			buildActionMask = 2147483647;
			files = (
				90597CC8228DE93D004AE905 /* ViewController.swift in Sources */,
				90597CC6228DE93D004AE905 /* AppDelegate.swift in Sources */,
			);
			runOnlyForDeploymentPostprocessing = 0;
		};
/* End PBXSourcesBuildPhase section */

/* Begin PBXVariantGroup section */
		90597CC9228DE93D004AE905 /* Main.storyboard */ = {
			isa = PBXVariantGroup;
			children = (
				90597CCA228DE93D004AE905 /* Base */,
			);
			name = Main.storyboard;
			sourceTree = "<group>";
		};
		90597CCE228DE93E004AE905 /* LaunchScreen.storyboard */ = {
			isa = PBXVariantGroup;
			children = (
				90597CCF228DE93E004AE905 /* Base */,
			);
			name = LaunchScreen.storyboard;
			sourceTree = "<group>";
		};
/* End PBXVariantGroup section */

/* Begin XCBuildConfiguration section */
		90597CD2228DE93E004AE905 /* Debug */ = {
			isa = XCBuildConfiguration;
			buildSettings = {
				ALWAYS_SEARCH_USER_PATHS = NO;
				CLANG_ANALYZER_NONNULL = YES;
				CLANG_ANALYZER_NUMBER_OBJECT_CONVERSION = YES_AGGRESSIVE;
				CLANG_CXX_LANGUAGE_STANDARD = "gnu++14";
				CLANG_CXX_LIBRARY = "libc++";
				CLANG_ENABLE_MODULES = YES;
				CLANG_ENABLE_OBJC_ARC = YES;
				CLANG_ENABLE_OBJC_WEAK = YES;
				CLANG_WARN_BLOCK_CAPTURE_AUTORELEASING = YES;
				CLANG_WARN_BOOL_CONVERSION = YES;
				CLANG_WARN_COMMA = YES;
				CLANG_WARN_CONSTANT_CONVERSION = YES;
				CLANG_WARN_DEPRECATED_OBJC_IMPLEMENTATIONS = YES;
				CLANG_WARN_DIRECT_OBJC_ISA_USAGE = YES_ERROR;
				CLANG_WARN_DOCUMENTATION_COMMENTS = YES;
				CLANG_WARN_EMPTY_BODY = YES;
				CLANG_WARN_ENUM_CONVERSION = YES;
				CLANG_WARN_INFINITE_RECURSION = YES;
				CLANG_WARN_INT_CONVERSION = YES;
				CLANG_WARN_NON_LITERAL_NULL_CONVERSION = YES;
				CLANG_WARN_OBJC_IMPLICIT_RETAIN_SELF = YES;
				CLANG_WARN_OBJC_LITERAL_CONVERSION = YES;
				CLANG_WARN_OBJC_ROOT_CLASS = YES_ERROR;
				CLANG_WARN_RANGE_LOOP_ANALYSIS = YES;
				CLANG_WARN_STRICT_PROTOTYPES = YES;
				CLANG_WARN_SUSPICIOUS_MOVE = YES;
				CLANG_WARN_UNGUARDED_AVAILABILITY = YES_AGGRESSIVE;
				CLANG_WARN_UNREACHABLE_CODE = YES;
				CLANG_WARN__DUPLICATE_METHOD_MATCH = YES;
				CODE_SIGN_IDENTITY = "iPhone Developer";
				COPY_PHASE_STRIP = NO;
				DEBUG_INFORMATION_FORMAT = dwarf;
				ENABLE_STRICT_OBJC_MSGSEND = YES;
				ENABLE_TESTABILITY = YES;
				GCC_C_LANGUAGE_STANDARD = gnu11;
				GCC_DYNAMIC_NO_PIC = NO;
				GCC_NO_COMMON_BLOCKS = YES;
				GCC_OPTIMIZATION_LEVEL = 0;
				GCC_PREPROCESSOR_DEFINITIONS = (
					"DEBUG=1",
					"$(inherited)",
				);
				GCC_WARN_64_TO_32_BIT_CONVERSION = YES;
				GCC_WARN_ABOUT_RETURN_TYPE = YES_ERROR;
				GCC_WARN_UNDECLARED_SELECTOR = YES;
				GCC_WARN_UNINITIALIZED_AUTOS = YES_AGGRESSIVE;
				GCC_WARN_UNUSED_FUNCTION = YES;
				GCC_WARN_UNUSED_VARIABLE = YES;
				IPHONEOS_DEPLOYMENT_TARGET = 12.2;
				MTL_ENABLE_DEBUG_INFO = INCLUDE_SOURCE;
				MTL_FAST_MATH = YES;
				ONLY_ACTIVE_ARCH = YES;
				SDKROOT = iphoneos;
				SWIFT_ACTIVE_COMPILATION_CONDITIONS = DEBUG;
				SWIFT_OPTIMIZATION_LEVEL = "-Onone";
			};
			name = Debug;
		};
		90597CD3228DE93E004AE905 /* Release */ = {
			isa = XCBuildConfiguration;
			buildSettings = {
				ALWAYS_SEARCH_USER_PATHS = NO;
				CLANG_ANALYZER_NONNULL = YES;
				CLANG_ANALYZER_NUMBER_OBJECT_CONVERSION = YES_AGGRESSIVE;
				CLANG_CXX_LANGUAGE_STANDARD = "gnu++14";
				CLANG_CXX_LIBRARY = "libc++";
				CLANG_ENABLE_MODULES = YES;
				CLANG_ENABLE_OBJC_ARC = YES;
				CLANG_ENABLE_OBJC_WEAK = YES;
				CLANG_WARN_BLOCK_CAPTURE_AUTORELEASING = YES;
				CLANG_WARN_BOOL_CONVERSION = YES;
				CLANG_WARN_COMMA = YES;
				CLANG_WARN_CONSTANT_CONVERSION = YES;
				CLANG_WARN_DEPRECATED_OBJC_IMPLEMENTATIONS = YES;
				CLANG_WARN_DIRECT_OBJC_ISA_USAGE = YES_ERROR;
				CLANG_WARN_DOCUMENTATION_COMMENTS = YES;
				CLANG_WARN_EMPTY_BODY = YES;
				CLANG_WARN_ENUM_CONVERSION = YES;
				CLANG_WARN_INFINITE_RECURSION = YES;
				CLANG_WARN_INT_CONVERSION = YES;
				CLANG_WARN_NON_LITERAL_NULL_CONVERSION = YES;
				CLANG_WARN_OBJC_IMPLICIT_RETAIN_SELF = YES;
				CLANG_WARN_OBJC_LITERAL_CONVERSION = YES;
				CLANG_WARN_OBJC_ROOT_CLASS = YES_ERROR;
				CLANG_WARN_RANGE_LOOP_ANALYSIS = YES;
				CLANG_WARN_STRICT_PROTOTYPES = YES;
				CLANG_WARN_SUSPICIOUS_MOVE = YES;
				CLANG_WARN_UNGUARDED_AVAILABILITY = YES_AGGRESSIVE;
				CLANG_WARN_UNREACHABLE_CODE = YES;
				CLANG_WARN__DUPLICATE_METHOD_MATCH = YES;
				CODE_SIGN_IDENTITY = "iPhone Developer";
				COPY_PHASE_STRIP = NO;
				DEBUG_INFORMATION_FORMAT = "dwarf-with-dsym";
				ENABLE_NS_ASSERTIONS = NO;
				ENABLE_STRICT_OBJC_MSGSEND = YES;
				GCC_C_LANGUAGE_STANDARD = gnu11;
				GCC_NO_COMMON_BLOCKS = YES;
				GCC_WARN_64_TO_32_BIT_CONVERSION = YES;
				GCC_WARN_ABOUT_RETURN_TYPE = YES_ERROR;
				GCC_WARN_UNDECLARED_SELECTOR = YES;
				GCC_WARN_UNINITIALIZED_AUTOS = YES_AGGRESSIVE;
				GCC_WARN_UNUSED_FUNCTION = YES;
				GCC_WARN_UNUSED_VARIABLE = YES;
				IPHONEOS_DEPLOYMENT_TARGET = 12.2;
				MTL_ENABLE_DEBUG_INFO = NO;
				MTL_FAST_MATH = YES;
				SDKROOT = iphoneos;
				SWIFT_COMPILATION_MODE = wholemodule;
				SWIFT_OPTIMIZATION_LEVEL = "-O";
				VALIDATE_PRODUCT = YES;
			};
			name = Release;
		};
		90597CD5228DE93E004AE905 /* Debug */ = {
			isa = XCBuildConfiguration;
			buildSettings = {
				ASSETCATALOG_COMPILER_APPICON_NAME = AppIcon;
				CODE_SIGN_STYLE = Automatic;
				DEVELOPMENT_TEAM = YY6R2N7DZD;
				INFOPLIST_FILE = "TurkishKit | Veri Aktarımı/Info.plist";
				LD_RUNPATH_SEARCH_PATHS = (
					"$(inherited)",
					"@executable_path/Frameworks",
				);
				PRODUCT_BUNDLE_IDENTIFIER = "com.berk.TurkishKit---Veri-Aktar-m-";
				PRODUCT_NAME = "$(TARGET_NAME)";
				SWIFT_VERSION = 5.0;
				TARGETED_DEVICE_FAMILY = "1,2";
			};
			name = Debug;
		};
		90597CD6228DE93E004AE905 /* Release */ = {
			isa = XCBuildConfiguration;
			buildSettings = {
				ASSETCATALOG_COMPILER_APPICON_NAME = AppIcon;
				CODE_SIGN_STYLE = Automatic;
				DEVELOPMENT_TEAM = YY6R2N7DZD;
				INFOPLIST_FILE = "TurkishKit | Veri Aktarımı/Info.plist";
				LD_RUNPATH_SEARCH_PATHS = (
					"$(inherited)",
					"@executable_path/Frameworks",
				);
				PRODUCT_BUNDLE_IDENTIFIER = "com.berk.TurkishKit---Veri-Aktar-m-";
				PRODUCT_NAME = "$(TARGET_NAME)";
				SWIFT_VERSION = 5.0;
				TARGETED_DEVICE_FAMILY = "1,2";
			};
			name = Release;
		};
/* End XCBuildConfiguration section */

/* Begin XCConfigurationList section */
		90597CBD228DE93D004AE905 /* Build configuration list for PBXProject "TurkishKit | Veri Aktarımı" */ = {
			isa = XCConfigurationList;
			buildConfigurations = (
				90597CD2228DE93E004AE905 /* Debug */,
				90597CD3228DE93E004AE905 /* Release */,
			);
			defaultConfigurationIsVisible = 0;
			defaultConfigurationName = Release;
		};
		90597CD4228DE93E004AE905 /* Build configuration list for PBXNativeTarget "TurkishKit | Veri Aktarımı" */ = {
			isa = XCConfigurationList;
			buildConfigurations = (
				90597CD5228DE93E004AE905 /* Debug */,
				90597CD6228DE93E004AE905 /* Release */,
			);
			defaultConfigurationIsVisible = 0;
			defaultConfigurationName = Release;
		};
/* End XCConfigurationList section */
	};
	rootObject = 90597CBA228DE93D004AE905 /* Project object */;
}
